// !$*UTF8*$!
{
	archiveVersion = 1;
	classes = {
	};
	objectVersion = 46;
	objects = {

/* Begin PBXBuildFile section */
		732D011214C7CA9B005FFF89 /* UIKit.framework in Frameworks */ = {isa = PBXBuildFile; fileRef = 732D011114C7CA9B005FFF89 /* UIKit.framework */; };
		732D011414C7CA9B005FFF89 /* Foundation.framework in Frameworks */ = {isa = PBXBuildFile; fileRef = 732D011314C7CA9B005FFF89 /* Foundation.framework */; };
		732D011614C7CA9B005FFF89 /* CoreGraphics.framework in Frameworks */ = {isa = PBXBuildFile; fileRef = 732D011514C7CA9B005FFF89 /* CoreGraphics.framework */; };
		732D011C14C7CA9B005FFF89 /* InfoPlist.strings in Resources */ = {isa = PBXBuildFile; fileRef = 732D011A14C7CA9B005FFF89 /* InfoPlist.strings */; };
		732D011E14C7CA9B005FFF89 /* main.m in Sources */ = {isa = PBXBuildFile; fileRef = 732D011D14C7CA9B005FFF89 /* main.m */; };
		732D012214C7CA9B005FFF89 /* AppDelegate.m in Sources */ = {isa = PBXBuildFile; fileRef = 732D012114C7CA9B005FFF89 /* AppDelegate.m */; };
/* End PBXBuildFile section */

/* Begin PBXFileReference section */
		732D010D14C7CA9B005FFF89 /* cedar-sample.app */ = {isa = PBXFileReference; explicitFileType = wrapper.application; includeInIndex = 0; path = "cedar-sample.app"; sourceTree = BUILT_PRODUCTS_DIR; };
		732D011114C7CA9B005FFF89 /* UIKit.framework */ = {isa = PBXFileReference; lastKnownFileType = wrapper.framework; name = UIKit.framework; path = System/Library/Frameworks/UIKit.framework; sourceTree = SDKROOT; };
		732D011314C7CA9B005FFF89 /* Foundation.framework */ = {isa = PBXFileReference; lastKnownFileType = wrapper.framework; name = Foundation.framework; path = System/Library/Frameworks/Foundation.framework; sourceTree = SDKROOT; };
		732D011514C7CA9B005FFF89 /* CoreGraphics.framework */ = {isa = PBXFileReference; lastKnownFileType = wrapper.framework; name = CoreGraphics.framework; path = System/Library/Frameworks/CoreGraphics.framework; sourceTree = SDKROOT; };
		732D011914C7CA9B005FFF89 /* cedar-sample-Info.plist */ = {isa = PBXFileReference; path = "cedar-sample-Info.plist"; sourceTree = "<group>"; };
		732D011B14C7CA9B005FFF89 /* en */ = {isa = PBXFileReference; lastKnownFileType = text.plist.strings; name = en; path = en.lproj/InfoPlist.strings; sourceTree = "<group>"; };
		732D011D14C7CA9B005FFF89 /* main.m */ = {isa = PBXFileReference; lastKnownFileType = sourcecode.c.objc; path = main.m; sourceTree = "<group>"; };
		732D011F14C7CA9B005FFF89 /* cedar-sample-Prefix.pch */ = {isa = PBXFileReference; path = "cedar-sample-Prefix.pch"; sourceTree = "<group>"; };
		732D012014C7CA9B005FFF89 /* AppDelegate.h */ = {isa = PBXFileReference; path = AppDelegate.h; sourceTree = "<group>"; };
		732D012114C7CA9B005FFF89 /* AppDelegate.m */ = {isa = PBXFileReference; lastKnownFileType = sourcecode.c.objc; path = AppDelegate.m; sourceTree = "<group>"; };
/* End PBXFileReference section */

/* Begin PBXFrameworksBuildPhase section */
		732D010A14C7CA9B005FFF89 /* Frameworks */ = {
			isa = PBXFrameworksBuildPhase;
			buildActionMask = 2147483647;
			files = (
				732D011214C7CA9B005FFF89 /* UIKit.framework in Frameworks */,
				732D011414C7CA9B005FFF89 /* Foundation.framework in Frameworks */,
				732D011614C7CA9B005FFF89 /* CoreGraphics.framework in Frameworks */,
			);
			runOnlyForDeploymentPostprocessing = 0;
		};
/* End PBXFrameworksBuildPhase section */

/* Begin PBXGroup section */
		732D010214C7CA9B005FFF89 = {
			isa = PBXGroup;
			children = (
				732D011714C7CA9B005FFF89 /* cedar-sample */,
				732D011014C7CA9B005FFF89 /* Frameworks */,
				732D010E14C7CA9B005FFF89 /* Products */,
			);
			sourceTree = "<group>";
		};
		732D010E14C7CA9B005FFF89 /* Products */ = {
			isa = PBXGroup;
			children = (
				732D010D14C7CA9B005FFF89 /* cedar-sample.app */,
			);
			name = Products;
			sourceTree = "<group>";
		};
		732D011014C7CA9B005FFF89 /* Frameworks */ = {
			isa = PBXGroup;
			children = (
				732D011114C7CA9B005FFF89 /* UIKit.framework */,
				732D011314C7CA9B005FFF89 /* Foundation.framework */,
				732D011514C7CA9B005FFF89 /* CoreGraphics.framework */,
			);
			name = Frameworks;
			sourceTree = "<group>";
		};
		732D011714C7CA9B005FFF89 /* cedar-sample */ = {
			isa = PBXGroup;
			children = (
				732D012014C7CA9B005FFF89 /* AppDelegate.h */,
				732D012114C7CA9B005FFF89 /* AppDelegate.m */,
				732D011814C7CA9B005FFF89 /* Supporting Files */,
			);
			path = "cedar-sample";
			sourceTree = "<group>";
		};
		732D011814C7CA9B005FFF89 /* Supporting Files */ = {
			isa = PBXGroup;
			children = (
				732D011914C7CA9B005FFF89 /* cedar-sample-Info.plist */,
				732D011A14C7CA9B005FFF89 /* InfoPlist.strings */,
				732D011D14C7CA9B005FFF89 /* main.m */,
				732D011F14C7CA9B005FFF89 /* cedar-sample-Prefix.pch */,
			);
			name = "Supporting Files";
			sourceTree = "<group>";
		};
/* End PBXGroup section */

/* Begin PBXNativeTarget section */
		732D010C14C7CA9B005FFF89 /* cedar-sample */ = {
			isa = PBXNativeTarget;
			buildConfigurationList = 732D012514C7CA9B005FFF89 /* Build configuration list for PBXNativeTarget "cedar-sample" */;
			buildPhases = (
				732D010914C7CA9B005FFF89 /* Sources */,
				732D010A14C7CA9B005FFF89 /* Frameworks */,
				732D010B14C7CA9B005FFF89 /* Resources */,
			);
			buildRules = (
			);
			dependencies = (
			);
			name = "cedar-sample";
			productName = "cedar-sample";
			productReference = 732D010D14C7CA9B005FFF89 /* cedar-sample.app */;
			productType = "com.apple.product-type.application";
		};
/* End PBXNativeTarget section */

/* Begin PBXProject section */
		732D010414C7CA9B005FFF89 /* Project object */ = {
			isa = PBXProject;
			attributes = {
				LastUpgradeCheck = 0420;
			};
			buildConfigurationList = 732D010714C7CA9B005FFF89 /* Build configuration list for PBXProject "cedar-sample" */;
			compatibilityVersion = "Xcode 3.2";
			developmentRegion = English;
			hasScannedForEncodings = 0;
			knownRegions = (
				en,
			);
			mainGroup = 732D010214C7CA9B005FFF89;
			productRefGroup = 732D010E14C7CA9B005FFF89 /* Products */;
			projectDirPath = "";
			projectRoot = "";
			targets = (
				732D010C14C7CA9B005FFF89 /* cedar-sample */,
			);
		};
/* End PBXProject section */

/* Begin PBXResourcesBuildPhase section */
		732D010B14C7CA9B005FFF89 /* Resources */ = {
			isa = PBXResourcesBuildPhase;
			buildActionMask = 2147483647;
			files = (
				732D011C14C7CA9B005FFF89 /* InfoPlist.strings in Resources */,
			);
			runOnlyForDeploymentPostprocessing = 0;
		};
/* End PBXResourcesBuildPhase section */

/* Begin PBXSourcesBuildPhase section */
		732D010914C7CA9B005FFF89 /* Sources */ = {
			isa = PBXSourcesBuildPhase;
			buildActionMask = 2147483647;
			files = (
				732D011E14C7CA9B005FFF89 /* main.m in Sources */,
				732D012214C7CA9B005FFF89 /* AppDelegate.m in Sources */,
			);
			runOnlyForDeploymentPostprocessing = 0;
		};
/* End PBXSourcesBuildPhase section */

/* Begin PBXVariantGroup section */
		732D011A14C7CA9B005FFF89 /* InfoPlist.strings */ = {
			isa = PBXVariantGroup;
			children = (
				732D011B14C7CA9B005FFF89 /* en */,
			);
			name = InfoPlist.strings;
			sourceTree = "<group>";
		};
/* End PBXVariantGroup section */

/* Begin XCBuildConfiguration section */
		732D012314C7CA9B005FFF89 /* Debug */ = {
			isa = XCBuildConfiguration;
			buildSettings = {
				ALWAYS_SEARCH_USER_PATHS = NO;
				ARCHS = "$(ARCHS_STANDARD_32_BIT)";
				"CODE_SIGN_IDENTITY[sdk=iphoneos*]" = "iPhone Developer";
				COPY_PHASE_STRIP = NO;
				GCC_C_LANGUAGE_STANDARD = gnu99;
				GCC_DYNAMIC_NO_PIC = NO;
				GCC_OPTIMIZATION_LEVEL = 0;
				GCC_PREPROCESSOR_DEFINITIONS = (
					"DEBUG=1",
					"$(inherited)",
				);
				GCC_SYMBOLS_PRIVATE_EXTERN = NO;
				GCC_VERSION = com.apple.compilers.llvm.clang.1_0;
				GCC_WARN_ABOUT_MISSING_PROTOTYPES = YES;
				GCC_WARN_ABOUT_RETURN_TYPE = YES;
				GCC_WARN_UNUSED_VARIABLE = YES;
				IPHONEOS_DEPLOYMENT_TARGET = 5.0;
				SDKROOT = iphoneos;
			};
			name = Debug;
		};
		732D012414C7CA9B005FFF89 /* Release */ = {
			isa = XCBuildConfiguration;
			buildSettings = {
				ALWAYS_SEARCH_USER_PATHS = NO;
				ARCHS = "$(ARCHS_STANDARD_32_BIT)";
				"CODE_SIGN_IDENTITY[sdk=iphoneos*]" = "iPhone Developer";
				COPY_PHASE_STRIP = YES;
				GCC_C_LANGUAGE_STANDARD = gnu99;
				GCC_VERSION = com.apple.compilers.llvm.clang.1_0;
				GCC_WARN_ABOUT_MISSING_PROTOTYPES = YES;
				GCC_WARN_ABOUT_RETURN_TYPE = YES;
				GCC_WARN_UNUSED_VARIABLE = YES;
				IPHONEOS_DEPLOYMENT_TARGET = 5.0;
				OTHER_CFLAGS = "-DNS_BLOCK_ASSERTIONS=1";
				SDKROOT = iphoneos;
				VALIDATE_PRODUCT = YES;
			};
			name = Release;
		};
		732D012614C7CA9B005FFF89 /* Debug */ = {
			isa = XCBuildConfiguration;
			buildSettings = {
				GCC_PRECOMPILE_PREFIX_HEADER = YES;
				GCC_PREFIX_HEADER = "cedar-sample/cedar-sample-Prefix.pch";
				INFOPLIST_FILE = "cedar-sample/cedar-sample-Info.plist";
				PRODUCT_NAME = "$(TARGET_NAME)";
				WRAPPER_EXTENSION = app;
			};
			name = Debug;
		};
		732D012714C7CA9B005FFF89 /* Release */ = {
			isa = XCBuildConfiguration;
			buildSettings = {
				GCC_PRECOMPILE_PREFIX_HEADER = YES;
				GCC_PREFIX_HEADER = "cedar-sample/cedar-sample-Prefix.pch";
				INFOPLIST_FILE = "cedar-sample/cedar-sample-Info.plist";
				PRODUCT_NAME = "$(TARGET_NAME)";
				WRAPPER_EXTENSION = app;
			};
			name = Release;
		};
/* End XCBuildConfiguration section */

/* Begin XCConfigurationList section */
		732D010714C7CA9B005FFF89 /* Build configuration list for PBXProject "cedar-sample" */ = {
			isa = XCConfigurationList;
			buildConfigurations = (
				732D012314C7CA9B005FFF89 /* Debug */,
				732D012414C7CA9B005FFF89 /* Release */,
			);
			defaultConfigurationIsVisible = 0;
			defaultConfigurationName = Release;
		};
		732D012514C7CA9B005FFF89 /* Build configuration list for PBXNativeTarget "cedar-sample" */ = {
			isa = XCConfigurationList;
			buildConfigurations = (
				732D012614C7CA9B005FFF89 /* Debug */,
				732D012714C7CA9B005FFF89 /* Release */,
			);
			defaultConfigurationIsVisible = 0;
		};
/* End XCConfigurationList section */
	};
	rootObject = 732D010414C7CA9B005FFF89 /* Project object */;
}
